github.com/bazelbuild/bazel-gazelle v0.50.0 h1:/QNWnew6d0y9afP+0uWiGFIApw+spvE5fdVdNjcpHg0=
github.com/bazelbuild/bazel-gazelle v0.50.0/go.mod h1:qtev3UlNStnHm6TEBM0pkDgOc1wSMBcbD/3wktJL7i8=
github.com/bazelbuild/buildtools v0.0.0-20250930140053-2eb4fccefb52 h1:njQAmjTv/YHRm/0Lfv9DXHFZ4MdT2IA/RKHTnqZkgDw=
github.com/bazelbuild/buildtools v0.0.0-20250930140053-2eb4fccefb52/go.mod h1:PLNUetjLa77TCCziPsz0EI8a6CUxgC+1jgmWv0H25tg=
github.com/bazelbuild/rules_go v0.60.0 h1:apGSxTTrFUyLNvX9NQmF4CbntWAO0/S5eALeVgB/6Qk=
github.com/bazelbuild/rules_go v0.60.0/go.mod h1:CYcohJVxs4n7eftbC39GCqaEJm3E1EME+6QAkGguKoI=
github.com/google/go-cmp v0.7.0 h1:wk8382ETsv4JYUZwIsn6YpYiWiBsYLSJiTsyBybVuN8=
github.com/google/go-cmp v0.7.0/go.mod h1:pXiqmnSA92OHEEa9HXL2W4E7lf9JzCmGVUdgjX3N/iU=
golang.org/x/mod v0.25.0 h1:n7a+ZbQKQA/Ysbyb0/6IbB1H/X41mKgbhfv7AfG/44w=
golang.org/x/mod v0.25.0/go.mod h1:IXM97Txy2VM4PJ3gI61r1YEk/gAj6zAHN3AdZt6S9Ww=
golang.org/x/sys v0.33.0 h1:q3i8TbbEz+JRD9ywIRlyRAQbM0qF7hu24q3teo2hbuw=
golang.org/x/sys v0.33.0/go.mod h1:BJP2sWEmIv4KK5OTEluFJCKSidICx8ciO85XgH3Ak8k=
golang.org/x/tools/go/vcs v0.1.0-deprecated h1:cOIJqWBl99H1dH5LWizPa+0ImeeJq3t3cJjaeOWUAL4=
golang.org/x/tools/go/vcs v0.1.0-deprecated/go.mod h1:zUrvATBAvEI9535oC0yWYsLsHIV4Z7g63sNPVMtuBy8=
google.golang.org/protobuf v1.36.11 h1:fV6ZwhNocDyBLK0dj+fg8ektcVegBBuEolpbTQyBNVE=
google.golang.org/protobuf v1.36.11/go.mod h1:HTf+CrKn2C3g5S8VImy6tdcUvCska2kB7j23XfzDpco=
