github.com/bazelbuild/bazel-gazelle v0.42.0 h1:BpkUzE3H2l6buJYFTKgzVMecJimQgWwYud25qVIx0SQ=
github.com/bazelbuild/bazel-gazelle v0.42.0/go.mod h1:SRCc60YGZ27y+BqLzQ+nMh249+FyZz7YtX/V2ng+/z4=
github.com/bazelbuild/buildtools v0.0.0-20240918101019-be1c24cc9a44 h1:FGzENZi+SX9I7h9xvMtRA3rel8hCEfyzSixteBgn7MU=
github.com/bazelbuild/buildtools v0.0.0-20240918101019-be1c24cc9a44/go.mod h1:PLNUetjLa77TCCziPsz0EI8a6CUxgC+1jgmWv0H25tg=
github.com/bazelbuild/rules_go v0.60.0 h1:apGSxTTrFUyLNvX9NQmF4CbntWAO0/S5eALeVgB/6Qk=
github.com/bazelbuild/rules_go v0.60.0/go.mod h1:CYcohJVxs4n7eftbC39GCqaEJm3E1EME+6QAkGguKoI=
github.com/google/go-cmp v0.6.0 h1:ofyhxvXcZhMsU5ulbFiLKl/XBFqE1GSq7atu8tAmTRI=
github.com/google/go-cmp v0.6.0/go.mod h1:17dUlkBOakJ0+DkrSSNjCkIjxS6bF9zb3elmeNGIjoY=
golang.org/x/mod v0.25.0 h1:n7a+ZbQKQA/Ysbyb0/6IbB1H/X41mKgbhfv7AfG/44w=
golang.org/x/mod v0.25.0/go.mod h1:IXM97Txy2VM4PJ3gI61r1YEk/gAj6zAHN3AdZt6S9Ww=
golang.org/x/sys v0.33.0 h1:q3i8TbbEz+JRD9ywIRlyRAQbM0qF7hu24q3teo2hbuw=
golang.org/x/sys v0.33.0/go.mod h1:BJP2sWEmIv4KK5OTEluFJCKSidICx8ciO85XgH3Ak8k=
golang.org/x/tools/go/vcs v0.1.0-deprecated h1:cOIJqWBl99H1dH5LWizPa+0ImeeJq3t3cJjaeOWUAL4=
golang.org/x/tools/go/vcs v0.1.0-deprecated/go.mod h1:zUrvATBAvEI9535oC0yWYsLsHIV4Z7g63sNPVMtuBy8=
