{
  "name": "intl-messageformat",
  "version": "8.3.5",
  "lockfileVersion": 1,
  "requires": true,
  "dependencies": {
    "@formatjs/intl-pluralrules": {
      "version": "1.5.2",
      "resolved": "https://registry.npmjs.org/@formatjs/intl-pluralrules/-/intl-pluralrules-1.5.2.tgz",
      "integrity": "sha512-kxCufLRBOaj9x4PP2QrYmYSmr2WfJnBmUx/6eaajuaHlXTfXvLD1Dz/s1YBXHipOlorh51ehHQPoRgrOCNNpkA==",
      "dev": true,
      "requires": {
        "@formatjs/intl-utils": "^2.2.0"
      }
    },
    "@formatjs/intl-unified-numberformat": {
      "version": "3.2.0",
      "resolved": "https://registry.npmjs.org/@formatjs/intl-unified-numberformat/-/intl-unified-numberformat-3.2.0.tgz",
      "integrity": "sha512-SZMTV/tR0h7nYhS2x69S7zhHXaBmE0ZTR2OIiakt8W7uYWVgcRhu/LgUeVtGzpwPI2ChcOjNMtX/k6y1M9aDNA==",
      "requires": {
        "@formatjs/intl-utils": "^2.2.0"
      }
    },
    "@formatjs/intl-utils": {
      "version": "2.2.0",
      "resolved": "https://registry.npmjs.org/@formatjs/intl-utils/-/intl-utils-2.2.0.tgz",
      "integrity": "sha512-+Az7tR1av1DHZu9668D8uh9atT6vp+FFmEF8BrEssv0OqzpVjpVBGVmcgPzQP8k2PQjVlm/h2w8cTt0knn132w=="
    },
    "intl-format-cache": {
      "version": "4.2.21",
      "resolved": "https://registry.npmjs.org/intl-format-cache/-/intl-format-cache-4.2.21.tgz",
      "integrity": "sha512-6pZlBdqTRUuuwRWywPItHY1JQwzQxWcpBHv6w4M8T6bGzAsiL/QmI+XsdOhsqJLaL4ZmTATn1kIkNlMk4VzSLQ=="
    },
    "intl-messageformat-parser": {
      "version": "4.1.0",
      "resolved": "https://registry.npmjs.org/intl-messageformat-parser/-/intl-messageformat-parser-4.1.0.tgz",
      "integrity": "sha512-FhbRqxBGMifTpsWC0af2w1E0tksU9YzJnYqFJyPYVA5xTLY2pGHHAm/6aWGioDW9MI8p4nDrzJNwlweDq48i1Q==",
      "requires": {
        "@formatjs/intl-unified-numberformat": "^3.2.0"
      }
    }
  }
}
