# THIS IS AN AUTOGENERATED FILE. DO NOT EDIT THIS FILE DIRECTLY.
# yarn lockfile v1


intl-messageformat-parser@1.6.2:
  version "1.6.2"
  resolved "https://registry.yarnpkg.com/intl-messageformat-parser/-/intl-messageformat-parser-1.6.2.tgz#99e2e60c6990d2bcebbff6fb374e1aa995c89a2b"
  integrity sha512-Qwxn9zI3D6AxVn7Wqx9ntYrw+i/cp84UdTXlBvOfZqBUSWR9VAv1Q8CJDYuvzkUZwEzwTdXElsjylrtTc5aSLw==
