{
	"name": "@formatjs/ts-transformer",
	"version": "1.0.11",
	"lockfileVersion": 1,
	"requires": true,
	"dependencies": {
		"typescript": {
			"version": "3.7.2",
			"resolved": "https://registry.npmjs.org/typescript/-/typescript-3.7.2.tgz",
			"integrity": "sha512-ml7V7JfiN2Xwvcer+XAf2csGO1bPBdRbFCkYBczNZggrBZ9c7G3riSUeJmqEU5uOtXNPMhE3n+R4FA/3YOAWOQ=="
		}
	}
}
