{
  "name": "eslint-plugin-formatjs",
  "version": "1.5.11",
  "lockfileVersion": 1,
  "requires": true,
  "dependencies": {
    "emoji-regex": {
      "version": "8.0.0",
      "resolved": "https://registry.npmjs.org/emoji-regex/-/emoji-regex-8.0.0.tgz",
      "integrity": "sha512-MSjYzcWNOA0ewAHpz0MxpYFvwg6yjy1NG3xteoqz644VCo/RPgnr1/GGt+ic3iJTzQ8Eu3TdM14SawnVUmGE6A=="
    },
    "intl-messageformat-parser": {
      "version": "3.2.4",
      "resolved": "https://registry.npmjs.org/intl-messageformat-parser/-/intl-messageformat-parser-3.2.4.tgz",
      "integrity": "sha512-S7RATYskl2cMvV4X4PUc9yiALQy9F4WNnoeRH/NgFxJ7WgFhSzMIjRr8Zz6KY+QITNdkM7gNJbXlW9Mnoi7PVg=="
    }
  }
}
