{
  "name": "@formatjs/intl-unified-numberformat",
  "version": "3.2.0",
  "lockfileVersion": 1,
  "requires": true,
  "dependencies": {
    "@formatjs/intl-utils": {
      "version": "1.4.2",
      "resolved": "https://registry.npmjs.org/@formatjs/intl-utils/-/intl-utils-1.4.2.tgz",
      "integrity": "sha512-XF+/49yOoCJa/w37M3a2u6YZrUy9efmb+b5gXWmOF6rqM6FoEUw8aApj2NJV7Njx25SA+jNT/MYukPLDWRQxrQ=="
    },
    "@types/lodash": {
      "version": "4.14.149",
      "resolved": "https://registry.npmjs.org/@types/lodash/-/lodash-4.14.149.tgz",
      "integrity": "sha512-ijGqzZt/b7BfzcK9vTrS6MFljQRPn5BFWOx8oE0GYxribu6uV+aA9zZuXI1zc/etK9E8nrgdoF2+LgUw7+9tJQ==",
      "dev": true
    },
    "lodash": {
      "version": "4.17.15",
      "resolved": "https://registry.npmjs.org/lodash/-/lodash-4.17.15.tgz",
      "integrity": "sha512-8xOcRHvCjnocdS5cpwXQXVzmmh5e5+saE2QGoeQmbKmRS6J3VQppPOIt0MnmE+4xlZoumy0GPG0D0MVIQbNA1A==",
      "dev": true
    }
  }
}
