{
  "name": "@formatjs/intl-pluralrules",
  "version": "1.5.2",
  "lockfileVersion": 1,
  "requires": true,
  "dependencies": {
    "@formatjs/intl-utils": {
      "version": "1.4.2",
      "resolved": "https://registry.npmjs.org/@formatjs/intl-utils/-/intl-utils-1.4.2.tgz",
      "integrity": "sha512-XF+/49yOoCJa/w37M3a2u6YZrUy9efmb+b5gXWmOF6rqM6FoEUw8aApj2NJV7Njx25SA+jNT/MYukPLDWRQxrQ=="
    },
    "@types/events": {
      "version": "3.0.0",
      "resolved": "https://registry.npmjs.org/@types/events/-/events-3.0.0.tgz",
      "integrity": "sha512-EaObqwIvayI5a8dCzhFrjKzVwKLxjoG9T6Ppd5CEo07LRKfQ8Yokw54r5+Wq7FaBQ+yXRvQAYPrHwya1/UFt9g==",
      "dev": true
    },
    "@types/glob": {
      "version": "7.1.1",
      "resolved": "https://registry.npmjs.org/@types/glob/-/glob-7.1.1.tgz",
      "integrity": "sha512-1Bh06cbWJUHMC97acuD6UMG29nMt0Aqz1vF3guLfG+kHHJhy3AyohZFFxYk2f7Q1SQIrNwvncxAE0N/9s70F2w==",
      "dev": true,
      "requires": {
        "@types/events": "*",
        "@types/minimatch": "*",
        "@types/node": "*"
      }
    },
    "@types/lodash": {
      "version": "4.14.149",
      "resolved": "https://registry.npmjs.org/@types/lodash/-/lodash-4.14.149.tgz",
      "integrity": "sha512-ijGqzZt/b7BfzcK9vTrS6MFljQRPn5BFWOx8oE0GYxribu6uV+aA9zZuXI1zc/etK9E8nrgdoF2+LgUw7+9tJQ==",
      "dev": true
    },
    "@types/minimatch": {
      "version": "3.0.3",
      "resolved": "https://registry.npmjs.org/@types/minimatch/-/minimatch-3.0.3.tgz",
      "integrity": "sha512-tHq6qdbT9U1IRSGf14CL0pUlULksvY9OZ+5eEgl1N7t+OA3tGvNpxJCzuKQlsNgCVwbAs670L1vcVQi8j9HjnA==",
      "dev": true
    },
    "@types/node": {
      "version": "12.12.12",
      "resolved": "https://registry.npmjs.org/@types/node/-/node-12.12.12.tgz",
      "integrity": "sha512-MGuvYJrPU0HUwqF7LqvIj50RZUX23Z+m583KBygKYUZLlZ88n6w28XRNJRJgsHukLEnLz6w6SvxZoLgbr5wLqQ==",
      "dev": true
    },
    "balanced-match": {
      "version": "1.0.0",
      "resolved": "https://registry.npmjs.org/balanced-match/-/balanced-match-1.0.0.tgz",
      "integrity": "sha1-ibTRmasr7kneFk6gK4nORi1xt2c=",
      "dev": true
    },
    "brace-expansion": {
      "version": "1.1.11",
      "resolved": "https://registry.npmjs.org/brace-expansion/-/brace-expansion-1.1.11.tgz",
      "integrity": "sha512-iCuPHDFgrHX7H2vEI/5xpz07zSHB00TpugqhmYtVmMO6518mCuRMoOYFldEBl0g187ufozdaHgWKcYFb61qGiA==",
      "dev": true,
      "requires": {
        "balanced-match": "^1.0.0",
        "concat-map": "0.0.1"
      }
    },
    "cldr-core": {
      "version": "36.0.0",
      "resolved": "https://registry.npmjs.org/cldr-core/-/cldr-core-36.0.0.tgz",
      "integrity": "sha512-QLnAjt20rZe38c8h8OJ9jPND+O4o5O8Nw0TK/P3KpNn1cmOhMu0rk6Kc3ap96c5OStQ9gAngs9+Be2sum26NOw==",
      "dev": true
    },
    "cldr-dates-full": {
      "version": "36.0.0",
      "resolved": "https://registry.npmjs.org/cldr-dates-full/-/cldr-dates-full-36.0.0.tgz",
      "integrity": "sha512-wwJw36kudI0BCN/JOcuHPJi+zGlquw1AbRkj9okyO0aKx6kuyjzCN1HBAX4m+aOMXRPA+yA46/aBfOdGjQ0VJg==",
      "dev": true
    },
    "cldr-misc-full": {
      "version": "36.0.0",
      "resolved": "https://registry.npmjs.org/cldr-misc-full/-/cldr-misc-full-36.0.0.tgz",
      "integrity": "sha512-F3OtdmqdFBKHtteTKaeSYCRrQJ3M8OBDjsMK5zuHmuhBDc3hAnFasur+iQDml4ixF72XoZvufB6gGTU5E0B0DQ==",
      "dev": true
    },
    "cldr-numbers-full": {
      "version": "36.0.0",
      "resolved": "https://registry.npmjs.org/cldr-numbers-full/-/cldr-numbers-full-36.0.0.tgz",
      "integrity": "sha512-nG+qZAry9eomM69V2gEm6WEAUrx/nSpYq5rU2io9mwWRnEpSM4WqGN96neLOdbw5P6eh0zBVx6GiaUs4JSv5Tg==",
      "dev": true
    },
    "cldr-units-full": {
      "version": "36.0.0",
      "resolved": "https://registry.npmjs.org/cldr-units-full/-/cldr-units-full-36.0.0.tgz",
      "integrity": "sha512-bwkB5XcL/IAb+Uzqzo+Xf2xgamkzlQQbj/Z4HTZ3RMvZtytw5AcX1FCqfSCbl2ISep3YXwR3H9uL6dM1nJGxjQ==",
      "dev": true
    },
    "concat-map": {
      "version": "0.0.1",
      "resolved": "https://registry.npmjs.org/concat-map/-/concat-map-0.0.1.tgz",
      "integrity": "sha1-2Klr13/Wjfd5OnMDajug1UBdR3s=",
      "dev": true
    },
    "formatjs-extract-cldr-data": {
      "version": "9.9.4",
      "resolved": "https://registry.npmjs.org/formatjs-extract-cldr-data/-/formatjs-extract-cldr-data-9.9.4.tgz",
      "integrity": "sha512-Xi6waZrxJWtXOPu4zT5t7lUP4K6fdcUFVsQQw5unuXBcqDsUd2+SH3KXrLYzh0YIG/AX+5qDd4y62rPgpIqZ/g==",
      "dev": true,
      "requires": {
        "@formatjs/intl-utils": "^1.4.2",
        "@types/glob": "^7.1.1",
        "@types/lodash": "^4.14.138",
        "cldr-core": "^36.0.0",
        "cldr-dates-full": "^36.0.0",
        "cldr-misc-full": "^36.0.0",
        "cldr-numbers-full": "^36.0.0",
        "cldr-units-full": "^36.0.0",
        "glob": "^7.1.6",
        "lodash": "^4.17.15"
      }
    },
    "fs.realpath": {
      "version": "1.0.0",
      "resolved": "https://registry.npmjs.org/fs.realpath/-/fs.realpath-1.0.0.tgz",
      "integrity": "sha1-FQStJSMVjKpA20onh8sBQRmU6k8=",
      "dev": true
    },
    "glob": {
      "version": "7.1.6",
      "resolved": "https://registry.npmjs.org/glob/-/glob-7.1.6.tgz",
      "integrity": "sha512-LwaxwyZ72Lk7vZINtNNrywX0ZuLyStrdDtabefZKAY5ZGJhVtgdznluResxNmPitE0SAO+O26sWTHeKSI2wMBA==",
      "dev": true,
      "requires": {
        "fs.realpath": "^1.0.0",
        "inflight": "^1.0.4",
        "inherits": "2",
        "minimatch": "^3.0.4",
        "once": "^1.3.0",
        "path-is-absolute": "^1.0.0"
      }
    },
    "inflight": {
      "version": "1.0.6",
      "resolved": "https://registry.npmjs.org/inflight/-/inflight-1.0.6.tgz",
      "integrity": "sha1-Sb1jMdfQLQwJvJEKEHW6gWW1bfk=",
      "dev": true,
      "requires": {
        "once": "^1.3.0",
        "wrappy": "1"
      }
    },
    "inherits": {
      "version": "2.0.4",
      "resolved": "https://registry.npmjs.org/inherits/-/inherits-2.0.4.tgz",
      "integrity": "sha512-k/vGaX4/Yla3WzyMCvTQOXYeIHvqOKtnqBduzTHpzpQZzAskKMhZ2K+EnBiSM9zGSoIFeMpXKxa4dYeZIQqewQ==",
      "dev": true
    },
    "lodash": {
      "version": "4.17.15",
      "resolved": "https://registry.npmjs.org/lodash/-/lodash-4.17.15.tgz",
      "integrity": "sha512-8xOcRHvCjnocdS5cpwXQXVzmmh5e5+saE2QGoeQmbKmRS6J3VQppPOIt0MnmE+4xlZoumy0GPG0D0MVIQbNA1A==",
      "dev": true
    },
    "minimatch": {
      "version": "3.0.4",
      "resolved": "https://registry.npmjs.org/minimatch/-/minimatch-3.0.4.tgz",
      "integrity": "sha512-yJHVQEhyqPLUTgt9B83PXu6W3rx4MvvHvSUvToogpwoGDOUQ+yDrR0HRot+yOCdCO7u4hX3pWft6kWBBcqh0UA==",
      "dev": true,
      "requires": {
        "brace-expansion": "^1.1.7"
      }
    },
    "once": {
      "version": "1.4.0",
      "resolved": "https://registry.npmjs.org/once/-/once-1.4.0.tgz",
      "integrity": "sha1-WDsap3WWHUsROsF9nFC6753Xa9E=",
      "dev": true,
      "requires": {
        "wrappy": "1"
      }
    },
    "path-is-absolute": {
      "version": "1.0.1",
      "resolved": "https://registry.npmjs.org/path-is-absolute/-/path-is-absolute-1.0.1.tgz",
      "integrity": "sha1-F0uSaHNVNP+8es5r9TpanhtcX18=",
      "dev": true
    },
    "wrappy": {
      "version": "1.0.2",
      "resolved": "https://registry.npmjs.org/wrappy/-/wrappy-1.0.2.tgz",
      "integrity": "sha1-tSQ9jz7BqjXxNkYFvA0QNuMKtp8=",
      "dev": true
    }
  }
}
