lockfileVersion: '9.0'

settings:
  autoInstallPeers: true
  excludeLinksFromLockfile: false

importers:

  .:
    devDependencies:
      '@commitlint/cli':
        specifier: ^21.0.0
        version: 21.2.1(@types/node@25.0.3)(conventional-commits-parser@7.1.0)(typescript@5.9.3)
      '@commitlint/config-angular':
        specifier: ^21.0.0
        version: 21.2.0
      '@evilmartians/lefthook':
        specifier: ^2.0.0
        version: 2.1.9
      oxfmt:
        specifier: ^0.58.0
        version: 0.58.0

packages:

  '@babel/code-frame@7.29.7':
    resolution: {integrity: sha512-Aup7aUOfpbAUg2ROOJN6Iw5f9DMBlzu0mIkm/malLQFN/YQgO48wCj0Kxa3sEHJvPVFg7siR+qRInwXd2qhQKw==}
    engines: {node: '>=6.9.0'}

  '@babel/helper-validator-identifier@7.29.7':
    resolution: {integrity: sha512-qehxGkRj55h/ff8EMaJ+cYhyaKlHIxqYDn682wQD7RNp9UujOQsHog2uS0r2vzr4pW+sXf90NeeayjcNaX3fFg==}
    engines: {node: '>=6.9.0'}

  '@commitlint/cli@21.2.1':
    resolution: {integrity: sha512-blsZGe29hJ72VGEFVl72IVYX+1vsfINpjA9yWQA6i7OKD/McGEOXg08sKIRKjFk4JvzhV/9n0l3i6NooPLTNfg==}
    engines: {node: '>=22.12.0'}
    hasBin: true

  '@commitlint/config-angular-type-enum@21.0.1':
    resolution: {integrity: sha512-xTQlgHTaQyXfFpPI3w2dI7ppuTDWmF++1W/kgNohRpxhBzAoJxc6Q/2P7EjvJodtVl7+38xHyu0STtV4ERXdhg==}
    engines: {node: '>=22.12.0'}

  '@commitlint/config-angular@21.2.0':
    resolution: {integrity: sha512-0h/gUnNnrpouI5F5yEx6g/NwPmQ8MujiHuMv2F9/UXvoKrhm9FmSP/M1Bss7HyyC5hDKVHgx61Il6WsCKBzy2g==}
    engines: {node: '>=22.12.0'}

  '@commitlint/config-conventional@21.2.0':
    resolution: {integrity: sha512-Qf8WRDVcyVd14if6VTWenebxFbKnVnbzPUJjlzjkyJGeHK2xCGd63Dr1XZzj0plXKQb9P0BfOxoc1HVeCo2BWQ==}
    engines: {node: '>=22.12.0'}

  '@commitlint/config-validator@21.2.0':
    resolution: {integrity: sha512-t7AzNHAKeIdo/3NRGwzpufKHsKkPHmFs/56N2Fnsh0/r0rGtnQzTxk6vnFgjaGr4hdSQKNB50/KAhR9Yk4LJKA==}
    engines: {node: '>=22.12.0'}

  '@commitlint/ensure@21.2.0':
    resolution: {integrity: sha512-76IF9vDNS13lAzEEik9eKwzt8f9hYhWiwVXZ2AnyLCz5/f511FsEQ3pw1X3/zSQpdRLQU7i5qDMVKyXi1GWjSg==}
    engines: {node: '>=22.12.0'}

  '@commitlint/execute-rule@21.0.1':
    resolution: {integrity: sha512-RifH+FmImozKBE6mozhF4K3r2RRKP7SMi/Q/zLCmExtp5e05lhHOUYqGBlFBAGNHaZxU/WYw1XuugYK9jQzqnA==}
    engines: {node: '>=22.12.0'}

  '@commitlint/format@21.2.0':
    resolution: {integrity: sha512-c4q64xaav2U83t7k7RyzJerBZurPer7FxUOY0RL5L/6CZijZ7K+s6HIBGIghj0ey1P2+seRX0J9XQYtDued6tg==}
    engines: {node: '>=22.12.0'}

  '@commitlint/is-ignored@21.2.0':
    resolution: {integrity: sha512-4/eB0vBN7L88O/oC4ajAEqi7j2ZfNgxl/+11RfAV9YosejZgDXhY2C9VcHnHJhOzPLoSy5P3Mg/46kqeyJfXKw==}
    engines: {node: '>=22.12.0'}

  '@commitlint/lint@21.2.0':
    resolution: {integrity: sha512-ceO5dp9pLjEZ6y6qbq/uXWXDPykqqlTsyzoQ0NzecpisSJhK3kTy9qzQoPeJuWG/IMNdV1lO0RgmzqoAlSi1uw==}
    engines: {node: '>=22.12.0'}

  '@commitlint/load@21.2.0':
    resolution: {integrity: sha512-RjlzWQqruRwIenJEfZtq7kG97co97nKoHpflE5YnF61tDLXxHPrdWImgzw6VL6MlFyaOcVlk74eBV8ZQmc3oIA==}
    engines: {node: '>=22.12.0'}

  '@commitlint/message@21.2.0':
    resolution: {integrity: sha512-YxGoiXD/HXNXLJPrQwE5poXa+XH0CBEm+mdvbHQP0g6MV/dmJyUFCzPNzZbxL93GvZ70TmtTK0Z0/IBpAqHv8g==}
    engines: {node: '>=22.12.0'}

  '@commitlint/parse@21.2.0':
    resolution: {integrity: sha512-QHWxG4d0PLTF634/AdyZ0MQS+CLn5YOuJlCFhMMlSGKFxzYGUetkHBj18xgBD+6fVzUrA2lrCdi/vlS2f/oYXg==}
    engines: {node: '>=22.12.0'}

  '@commitlint/read@21.2.1':
    resolution: {integrity: sha512-hUW7EJQnNTL0vPOmVMNK4CrnrNBN0nN+JJHReFkdHO5y4iyHeEmTBwuC15OCqUTjxWo7idnH1LftfpWVIaPWIA==}
    engines: {node: '>=22.12.0'}

  '@commitlint/resolve-extends@21.2.0':
    resolution: {integrity: sha512-4O/1j51+79Wth9s/MGxt/5gs0XYLDgNlYpltQfhAvLE0itusLKs9zruxbiNg1oOkmkb9L9L4USYGjEj7n87NxA==}
    engines: {node: '>=22.12.0'}

  '@commitlint/rules@21.2.0':
    resolution: {integrity: sha512-C2yXMNpiB8ETZKfx5JD8+ExgF8vTU1VQMKPSUUYwqKpw9oJWQBrlXBpdU038mj2WPjof7o9UzFpmTyBeGMZwZg==}
    engines: {node: '>=22.12.0'}

  '@commitlint/to-lines@21.0.1':
    resolution: {integrity: sha512-bd1BFII7p1EQZre9Kaj+kKaMFP3cFCdt21K7DItVux9XP5WjLgJ0/Uy1pJJh9aPwVJ6SKg62PxqlZaHI8hQAXw==}
    engines: {node: '>=22.12.0'}

  '@commitlint/top-level@21.2.0':
    resolution: {integrity: sha512-Y5gmQ+KxzqCrBFJfLvFEPvvwD3LDiNZoTT2yeFBm96M8qhmqSzQc5DvX3rheAaAMjyIvMXOCLS/mWfdpONsjyQ==}
    engines: {node: '>=22.12.0'}

  '@commitlint/types@21.2.0':
    resolution: {integrity: sha512-7zVFCDB2reMvJH5dmbKnOQPjZEvjdJTH8jc0U/PIPU1r3/+vf5pD1HlfitV2MWsWXrvu7u39iY1lyLUPOaN0Gw==}
    engines: {node: '>=22.12.0'}

  '@conventional-changelog/git-client@3.1.0':
    resolution: {integrity: sha512-Tqa/gHco2WJWa740NRjOrfKVvzIqxkZpecb8bemaQ8sKM5PXb1UK4uTyTb/1wIqNuOVaDOFxyBdhTIQZn6gdjQ==}
    engines: {node: '>=22'}
    peerDependencies:
      conventional-commits-filter: ^6.0.1
      conventional-commits-parser: ^7.0.1
    peerDependenciesMeta:
      conventional-commits-filter:
        optional: true
      conventional-commits-parser:
        optional: true

  '@conventional-changelog/template@1.2.1':
    resolution: {integrity: sha512-TzlTVpKPjaqW6qOYjQcYUDuGsLCNsvFHVBXkYGTAnf5V37jCWrE5haKNXzz0WZUtVHjrpV76L1buANjwXMfT8w==}
    engines: {node: '>=22'}

  '@evilmartians/lefthook@2.1.9':
    resolution: {integrity: sha512-+odrq63LQ5kbkmMocXyciavBpvmubPyrrYY3GTgPN5wIi0cIxsDF26ZrozNfGXILbQiM6F6KRHXJZu6Bz9U95A==}
    cpu: [x64, arm64, ia32]
    os: [darwin, linux, win32]
    hasBin: true

  '@oxfmt/binding-android-arm-eabi@0.58.0':
    resolution: {integrity: sha512-Uz62sHduGGPftXtILGyxdSW4PX82rUg+rfdNqhsgxe881g4rIoXlIqmZQ6HVKcF4f+F8qMhdD03Bx5u7gmeTdg==}
    engines: {node: ^20.19.0 || >=22.12.0}
    cpu: [arm]
    os: [android]

  '@oxfmt/binding-android-arm64@0.58.0':
    resolution: {integrity: sha512-rD0lRaJp1b+9vw6X4A2dJWKukd6X8yxiicN4JxXcXayolmUypRZxk+lKR+fVOu5q/iYc0fh5fR4bgmfOfVlbaA==}
    engines: {node: ^20.19.0 || >=22.12.0}
    cpu: [arm64]
    os: [android]

  '@oxfmt/binding-darwin-arm64@0.58.0':
    resolution: {integrity: sha512-uzbPPk7O6M+w2K65vcQ1woga3wgP8zghjL1KOG5b6qJ8dvYHZJ1VShaslg2KOK6yQIwCQtcMCXqLBM6sqXUNTg==}
    engines: {node: ^20.19.0 || >=22.12.0}
    cpu: [arm64]
    os: [darwin]

  '@oxfmt/binding-darwin-x64@0.58.0':
    resolution: {integrity: sha512-L0nKYDxU32oxeQqJj21W9SlIMnf81VZEhyah6iDvFhf5q0oynq498Fopth7blErUJVBpVtxQ98RMCfMPqpJX6w==}
    engines: {node: ^20.19.0 || >=22.12.0}
    cpu: [x64]
    os: [darwin]

  '@oxfmt/binding-freebsd-x64@0.58.0':
    resolution: {integrity: sha512-woNwfD58dC5PGS9LSLSD5JYfo/EFK5iG9vhDWkcCg3q78ag7KC8bpDqgvPHrMoXpx83OLXxoSOhu6z8FsVTHlg==}
    engines: {node: ^20.19.0 || >=22.12.0}
    cpu: [x64]
    os: [freebsd]

  '@oxfmt/binding-linux-arm-gnueabihf@0.58.0':
    resolution: {integrity: sha512-Sqs8nMLxuQpY21NKJ1u4stPDmO5hskBCNNh2E3AdCfI1QqWtf4m+Qn4mGEIUO4KGmuq3SWc/SZ80uy5IiwTCDw==}
    engines: {node: ^20.19.0 || >=22.12.0}
    cpu: [arm]
    os: [linux]

  '@oxfmt/binding-linux-arm-musleabihf@0.58.0':
    resolution: {integrity: sha512-Vd4exzBI5B5hB9m22JiTQzIL23WvHo/Pe+sNXPNeBLXSP9swCBPKCEBRwKpmpQzYhlgYaCgfPcGXPKAJBRIiZQ==}
    engines: {node: ^20.19.0 || >=22.12.0}
    cpu: [arm]
    os: [linux]

  '@oxfmt/binding-linux-arm64-gnu@0.58.0':
    resolution: {integrity: sha512-bUWi5mHV+4Vi56RLHE1h6q/HHfwAIT3XoB9vJAVeRzfu5NriXM8y6eeJu0vlKa0C9kq2rq1sOWRClhdLHPocrg==}
    engines: {node: ^20.19.0 || >=22.12.0}
    cpu: [arm64]
    os: [linux]
    libc: [glibc]

  '@oxfmt/binding-linux-arm64-musl@0.58.0':
    resolution: {integrity: sha512-2ZHxemzgHcjtktAuVUwSoyXmGo/t+aF5tS1ciPpPei4rhSyrz3JOqDosXXrmhN/yLUSzJjtuW7ToTWqfQpCj2w==}
    engines: {node: ^20.19.0 || >=22.12.0}
    cpu: [arm64]
    os: [linux]
    libc: [musl]

  '@oxfmt/binding-linux-ppc64-gnu@0.58.0':
    resolution: {integrity: sha512-AwKkVwjVmFQ3bcO7j0McGYAqCKH2a326fswfofng/E8VewCT/raeeGQr4huVhY704deK8AWASSTlxzMj0eZc6Q==}
    engines: {node: ^20.19.0 || >=22.12.0}
    cpu: [ppc64]
    os: [linux]
    libc: [glibc]

  '@oxfmt/binding-linux-riscv64-gnu@0.58.0':
    resolution: {integrity: sha512-xsRpTxfUnJF8D3AUKko/qyWdjw4GZVHlCVFuGlzSCTeewLmykKINW8em1+wx+axsDVtJJcMtvsiaXggXxrlHgw==}
    engines: {node: ^20.19.0 || >=22.12.0}
    cpu: [riscv64]
    os: [linux]
    libc: [glibc]

  '@oxfmt/binding-linux-riscv64-musl@0.58.0':
    resolution: {integrity: sha512-Z4AYOTcy7nYEIiXwD62PlerimyYRcfJOgUbQAEBjXz098kxKuERBlRntofGy69HHhe9E0TLVNMl1yspVNu+efw==}
    engines: {node: ^20.19.0 || >=22.12.0}
    cpu: [riscv64]
    os: [linux]
    libc: [musl]

  '@oxfmt/binding-linux-s390x-gnu@0.58.0':
    resolution: {integrity: sha512-A3nhhtZPC/TKVWOPj9q/H3p2znJDCcHWYlJBhWL8hGq/bFmBaNBHC8Np6E581yVq1w9Mi3rMDNzDalWvtUfJtQ==}
    engines: {node: ^20.19.0 || >=22.12.0}
    cpu: [s390x]
    os: [linux]
    libc: [glibc]

  '@oxfmt/binding-linux-x64-gnu@0.58.0':
    resolution: {integrity: sha512-2g+tVkgwqphw8R4hgo+kF4oz8+P5RwVOtr9+irsC7uwEp0e9j7Crw8kDGKL20uYlLPD7g02DqA61mC/UNYx98A==}
    engines: {node: ^20.19.0 || >=22.12.0}
    cpu: [x64]
    os: [linux]
    libc: [glibc]

  '@oxfmt/binding-linux-x64-musl@0.58.0':
    resolution: {integrity: sha512-rc15P6AbyyB7426aN8AakLd02Trb3a6ML/mmfAQeVHJEfVofWLcWIrBdy6zDEY+DIaL/s8E4GGPboVw+oP3+EA==}
    engines: {node: ^20.19.0 || >=22.12.0}
    cpu: [x64]
    os: [linux]
    libc: [musl]

  '@oxfmt/binding-openharmony-arm64@0.58.0':
    resolution: {integrity: sha512-ZWoTM27/HYPOh9iq86DAbhPu9nXb8qKvvGU/h8OfliyVUFAMMNTLDkGsWDKKnDqIkqvZ9+dXlgUOsH1LYO3O7g==}
    engines: {node: ^20.19.0 || >=22.12.0}
    cpu: [arm64]
    os: [openharmony]

  '@oxfmt/binding-win32-arm64-msvc@0.58.0':
    resolution: {integrity: sha512-LHZnqFXe2dEfkRI4XdZS/57nEOT/I4UCRX5IyM9v4GYW9XwQCjGe1IUK59SuKw3POwvcgWQ4pme2cYXmNqTNPg==}
    engines: {node: ^20.19.0 || >=22.12.0}
    cpu: [arm64]
    os: [win32]

  '@oxfmt/binding-win32-ia32-msvc@0.58.0':
    resolution: {integrity: sha512-mZKpg20TpheCJym1rarcZCUJeW1sSruw8zAAaCYWvuVfwIUDN1CXdrPU/JgCWReXTCTrEfCB8Wyo3hh9jSZ2EA==}
    engines: {node: ^20.19.0 || >=22.12.0}
    cpu: [ia32]
    os: [win32]

  '@oxfmt/binding-win32-x64-msvc@0.58.0':
    resolution: {integrity: sha512-N/wUU4N5PZ2orBtI+Ko7MnMfYLfE7K91UrGMY/c/pYyHR3lA9kwst1XugkZx+92YcRh/Eo+iv2eTESSWXfiZPA==}
    engines: {node: ^20.19.0 || >=22.12.0}
    cpu: [x64]
    os: [win32]

  '@simple-libs/child-process-utils@2.0.0':
    resolution: {integrity: sha512-dvNoRKLijXnD0XoJAz94pbNuB5GQgDr55UhpSPhffDkTT0Cmcqh9jSCOtwfT2d4H6MI9E7c4SgtMuJXZ6F3c6A==}
    engines: {node: '>=22'}

  '@simple-libs/stream-utils@2.0.0':
    resolution: {integrity: sha512-fCTuZK4QBa+39Oz9l4OGfJfz+GpwCp3AqO7Zch3to99xHPgstVsRFpeQ8LNd2o1Gv8raL2mCFwiaHh7bFSp5DQ==}
    engines: {node: '>=22'}

  '@types/node@25.0.3':
    resolution: {integrity: sha512-W609buLVRVmeW693xKfzHeIV6nJGGz98uCPfeXI1ELMLXVeKYZ9m15fAMSaUPBHYLGFsVRcMmSCksQOrZV9BYA==}

  ajv@8.20.0:
    resolution: {integrity: sha512-Thbli+OlOj+iMPYFBVBfJ3OmCAnaSyNn4M1vz9T6Gka5Jt9ba/HIR56joy65tY6kx/FCF5VXNB819Y7/GUrBGA==}

  ansi-regex@6.2.2:
    resolution: {integrity: sha512-Bq3SmSpyFHaWjPk8If9yc6svM8c56dB5BAtW4Qbw5jHTwwXXcTLoRMkpDJp6VL0XzlWaCHTXrkFURMYmD0sLqg==}
    engines: {node: '>=12'}

  ansi-styles@6.2.3:
    resolution: {integrity: sha512-4Dj6M28JB+oAH8kFkTLUo+a2jwOFkuqb3yucU0CANcRRUbxS0cP0nZYCGjcc3BNXwRIsUVmDGgzawme7zvJHvg==}
    engines: {node: '>=12'}

  argparse@2.0.1:
    resolution: {integrity: sha512-8+9WqebbFzpX9OR+Wa6O29asIogeRMzcGtAINdpMHHyAg10f05aSFVBbcEqGf/PXw1EjAZ+q2/bEBg3DvurK3Q==}

  argue-cli@3.1.0:
    resolution: {integrity: sha512-DhBpBfXL4SS2uC0N922MMajKR3CdrTG0u2or1PNYgXMsrSzViJrbtvT0nCLlLGUI0plam/ZZCs7aAauHtW9thw==}
    engines: {node: '>=22'}

  callsites@3.1.0:
    resolution: {integrity: sha512-P8BjAsXvZS+VIDUI11hHCQEv74YT67YUi5JJFNWIqL235sBmjX4+qx9Muvls5ivyNENctx46xQLQ3aTuE7ssaQ==}
    engines: {node: '>=6'}

  cliui@9.0.1:
    resolution: {integrity: sha512-k7ndgKhwoQveBL+/1tqGJYNz097I7WOvwbmmU2AR5+magtbjPWQTS1C5vzGkBC8Ym8UWRzfKUzUUqFLypY4Q+w==}
    engines: {node: '>=20'}

  conventional-changelog-angular@9.2.1:
    resolution: {integrity: sha512-oWSL6ZhnXbYraOFTK3PgRAQJ8fADDAEv5K6AdeyQPLvjFmhG8+ejL0jZZp/R7vTmGJaBvZEE+sE7dB4bCv7sAw==}
    engines: {node: '>=22'}

  conventional-changelog-conventionalcommits@10.2.1:
    resolution: {integrity: sha512-n4Kr1HFMTf3iMbES0TMxKIcYtUUv4rKqyQQp2JwfOEfFCOfGT3Tq4mCyJ8S9/YPyWhydjfKrrvnyl+gCjA+mJQ==}
    engines: {node: '>=22'}

  conventional-commits-parser@7.1.0:
    resolution: {integrity: sha512-DPp6hkUjvwIivxbkrTiLXeRswNv1A/4GFA2X6scXma0AMa9632V3TwxmrlkUIEtUktiM3Ln+RrSH2xlP3/jUTw==}
    engines: {node: '>=22'}
    hasBin: true

  cosmiconfig-typescript-loader@6.3.0:
    resolution: {integrity: sha512-Akr82WH1Wfqatyiqpj8HDkO2o2KmJRu1FhKfSNJP3K4IdXwHfEyL7MOb62i1AGQVLtIQM+iCE9CGOtrfhR+mmA==}
    engines: {node: '>=v18'}
    peerDependencies:
      '@types/node': '*'
      cosmiconfig: '>=9'
      typescript: '>=5'

  cosmiconfig@9.0.2:
    resolution: {integrity: sha512-gtTZxTDau1wL7Y7zifc2dd8jHSK/k6BTx/2Xp/BpdlAdnlYWFVt7qhJqgwi7637yRwRQ3qL4ZidbB4I8tA5VOg==}
    engines: {node: '>=14'}
    peerDependencies:
      typescript: '>=4.9.5'
    peerDependenciesMeta:
      typescript:
        optional: true

  emoji-regex@10.6.0:
    resolution: {integrity: sha512-toUI84YS5YmxW219erniWD0CIVOo46xGKColeNQRgOzDorgBi1v4D71/OFzgD9GO2UGKIv1C3Sp8DAn0+j5w7A==}

  env-paths@2.2.1:
    resolution: {integrity: sha512-+h1lkLKhZMTYjog1VEpJNG7NZJWcuc2DDk/qsqSTRRCOXiLjeQ1d1/udrUGhqMxUgAlwKNZ0cf2uqan5GLuS2A==}
    engines: {node: '>=6'}

  error-ex@1.3.4:
    resolution: {integrity: sha512-sqQamAnR14VgCr1A618A3sGrygcpK+HEbenA/HiEAkkUwcZIIB/tgWqHFxWgOyDh4nB4JCRimh79dR5Ywc9MDQ==}

  es-toolkit@1.49.0:
    resolution: {integrity: sha512-G5iZ6Pc/FNRY/soKZHC+TxGDD83rHUDXxzaWhGCX44vAv/tMs56WMusnm/KMNK+luUPsgA9U28cGr4RDlSzL2g==}

  escalade@3.2.0:
    resolution: {integrity: sha512-WUj2qlxaQtO4g6Pq5c29GTcWGDyd8itL8zTlipgECz3JesAiiOKotd8JU6otB3PACgG6xkJUyVhboMS+bje/jA==}
    engines: {node: '>=6'}

  fast-deep-equal@3.1.3:
    resolution: {integrity: sha512-f3qQ9oQy9j2AhBe/H9VC91wLmKBCCU/gDOnKNAYG5hswO7BLKj09Hc5HYNz9cGI++xlpDCIgDaitVs03ATR84Q==}

  fast-uri@3.1.3:
    resolution: {integrity: sha512-i70LwGWUduXqzicKXWshooq+sWL1K3WUU5rKZNG/0i3a1OSoX3HqhH5WbWwTmqWfor4urUakGPiRQcleRZTwOg==}

  get-caller-file@2.0.5:
    resolution: {integrity: sha512-DyFP3BM/3YHTQOCUL/w0OZHR0lpKeGrxotcHWcqNEdnltqFwXVfhEBQ94eIo34AfQpo0rGki4cyIiftY06h2Fg==}
    engines: {node: 6.* || 8.* || >= 10.*}

  get-east-asian-width@1.6.0:
    resolution: {integrity: sha512-QRbvDIbx6YklUe6RxeTeleMR0yv3cYH6PsPZHcnVn7xv7zO1BHN8r0XETu8n6Ye3Q+ahtSarc3WgtNWmehIBfA==}
    engines: {node: '>=18'}

  global-directory@5.0.0:
    resolution: {integrity: sha512-1pgFdhK3J2LeM+dVf2Pd424yHx2ou338lC0ErNP2hPx4j8eW1Sp0XqSjNxtk6Tc4Kr5wlWtSvz8cn2yb7/SG/w==}
    engines: {node: '>=20'}

  import-fresh@3.3.1:
    resolution: {integrity: sha512-TR3KfrTZTYLPB6jUjfx6MF9WcWrHL9su5TObK4ZkYgBdWKPOFoSoQIdEuTuR82pmtxH2spWG9h6etwfr1pLBqQ==}
    engines: {node: '>=6'}

  ini@6.0.0:
    resolution: {integrity: sha512-IBTdIkzZNOpqm7q3dRqJvMaldXjDHWkEDfrwGEQTs5eaQMWV+djAhR+wahyNNMAa+qpbDUhBMVt4ZKNwpPm7xQ==}
    engines: {node: ^20.17.0 || >=22.9.0}

  is-arrayish@0.2.1:
    resolution: {integrity: sha512-zz06S8t0ozoDXMG+ube26zeCTNXcKIPJZJi8hBrF4idCLms4CG9QtK7qBl1boi5ODzFpjswb5JPmHCbMpjaYzg==}

  is-plain-obj@4.1.0:
    resolution: {integrity: sha512-+Pgi+vMuUNkJyExiMBt5IlFoMyKnr5zhJ4Uspz58WOhBF5QoIZkFyNHIbBAtHwzVAgk5RtndVNsDRN61/mmDqg==}
    engines: {node: '>=12'}

  jiti@2.6.1:
    resolution: {integrity: sha512-ekilCSN1jwRvIbgeg/57YFh8qQDNbwDb9xT/qu2DAHbFFZUicIl4ygVaAvzveMhMVr3LnpSKTNnwt8PoOfmKhQ==}
    hasBin: true

  js-tokens@4.0.0:
    resolution: {integrity: sha512-RdJUflcE3cUzKiMqQgsCu06FPu9UdIJO0beYbPhHN4k6apgJtifcoCtT9bcxOpYBtpD2kCM6Sbzg4CausW/PKQ==}

  js-yaml@4.3.0:
    resolution: {integrity: sha512-1td788aAnnZ5qs7V2QIRl1owjtYpbKt749Y3xauqQgwIIGF/xXWz1wMTEBx5O3LK3lXLVuqXPdPxj2BoFHaW9Q==}
    hasBin: true

  json-parse-even-better-errors@2.3.1:
    resolution: {integrity: sha512-xyFwyhro/JEof6Ghe2iz2NcXoj2sloNsWr/XsERDK/oiPCfaNhl5ONfp+jQdAZRQQ0IJWNzH9zIZF7li91kh2w==}

  json-schema-traverse@1.0.0:
    resolution: {integrity: sha512-NM8/P9n3XjXhIZn1lLhkFaACTOURQXjWhV4BA/RnOv8xvgqtqpAX9IO4mRQxSx1Rlo4tqzeqb0sOlruaOy3dug==}

  lines-and-columns@1.2.4:
    resolution: {integrity: sha512-7ylylesZQ/PV29jhEDl3Ufjo6ZX7gCqJr5F7PKrqc93v7fzSymt1BpwEU8nAUXs8qzzvqhbjhK5QZg6Mt/HkBg==}

  oxfmt@0.58.0:
    resolution: {integrity: sha512-8feG/7NVEHDVwc1OUpP6Pks+TnaDFUw2jLLFIMi5bcmmwxAX2wBQvjSzj62RRTYBf2Op1Wt8xbkmagmPTR5ETg==}
    engines: {node: ^20.19.0 || >=22.12.0}
    hasBin: true
    peerDependencies:
      svelte: ^5.0.0
      vite-plus: '*'
    peerDependenciesMeta:
      svelte:
        optional: true
      vite-plus:
        optional: true

  parent-module@1.0.1:
    resolution: {integrity: sha512-GQ2EWRpQV8/o+Aw8YqtfZZPfNRWZYkbidE9k5rpl/hC3vtHHBfGm2Ifi6qWV+coDGkrUKZAxE3Lot5kcsRlh+g==}
    engines: {node: '>=6'}

  parse-json@5.2.0:
    resolution: {integrity: sha512-ayCKvm/phCGxOkYRSCM82iDwct8/EonSEgCSxWxD7ve6jHggsFl4fZVQBPRNgQoKiuV/odhFrGzQXZwbifC8Rg==}
    engines: {node: '>=8'}

  picocolors@1.1.1:
    resolution: {integrity: sha512-xceH2snhtb5M9liqDsmEw56le376mTZkEX/jEb/RxNFyegNul7eNslCXP9FDj/Lcu0X8KEyMceP2ntpaHrDEVA==}

  require-from-string@2.0.2:
    resolution: {integrity: sha512-Xf0nWe6RseziFMu+Ap9biiUbmplq6S9/p+7w7YXP/JBHhrUDDUhwa+vANyubuqfZWTveU//DYVGsDG7RKL/vEw==}
    engines: {node: '>=0.10.0'}

  resolve-from@4.0.0:
    resolution: {integrity: sha512-pb/MYmXstAkysRFx8piNI1tGFNQIFA3vkE3Gq4EuA1dF6gHp/+vgZqsCGJapvy8N3Q+4o7FwvquPJcnZ7RYy4g==}
    engines: {node: '>=4'}

  resolve-from@5.0.0:
    resolution: {integrity: sha512-qYg9KP24dD5qka9J47d0aVky0N+b4fTU89LN9iDnjB5waksiC49rvMB0PrUJQGoTmH50XPiqOvAjDfaijGxYZw==}
    engines: {node: '>=8'}

  semver@7.8.5:
    resolution: {integrity: sha512-Y7/KDsb8LjooZpwaqGyulO6DQlksgCncchHGk+sZIY4SBvUocMBEFH5Ur1fI4dV+Jvl0w6cjvucaIi40puRioA==}
    engines: {node: '>=10'}
    hasBin: true

  string-width@7.2.0:
    resolution: {integrity: sha512-tsaTIkKW9b4N+AEj+SVA+WhJzV7/zMhcSu78mLKWSk7cXMOSHsBKFWUs0fWwq8QyK3MgJBQRX6Gbi4kYbdvGkQ==}
    engines: {node: '>=18'}

  strip-ansi@7.2.0:
    resolution: {integrity: sha512-yDPMNjp4WyfYBkHnjIRLfca1i6KMyGCtsVgoKe/z1+6vukgaENdgGBZt+ZmKPc4gavvEZ5OgHfHdrazhgNyG7w==}
    engines: {node: '>=12'}

  tinyexec@1.2.4:
    resolution: {integrity: sha512-SHf/r48b7vOrjve9PxJo3MN5v5yuyjHvdUcrQffT3WXMUfnGmHDVbC4k3sHJaJTgZCwpUplIaAo5ANtMyp3YHg==}
    engines: {node: '>=18'}

  tinypool@2.1.0:
    resolution: {integrity: sha512-Pugqs6M0m7Lv1I7FtxN4aoyToKg1C4tu+/381vH35y8oENM/Ai7f7C4StcoK4/+BSw9ebcS8jRiVrORFKCALLw==}
    engines: {node: ^20.0.0 || >=22.0.0}

  typescript@5.9.3:
    resolution: {integrity: sha512-jl1vZzPDinLr9eUt3J/t7V6FgNEw9QjvBPdysz9KfQDD41fQrC2Y4vKQdiaUpFT4bXlb1RHhLpp8wtm6M5TgSw==}
    engines: {node: '>=14.17'}
    hasBin: true

  undici-types@7.16.0:
    resolution: {integrity: sha512-Zz+aZWSj8LE6zoxD+xrjh4VfkIG8Ya6LvYkZqtUQGJPZjYl53ypCaUwWqo7eI0x66KBGeRo+mlBEkMSeSZ38Nw==}

  wrap-ansi@9.0.2:
    resolution: {integrity: sha512-42AtmgqjV+X1VpdOfyTGOYRi0/zsoLqtXQckTmqTeybT+BDIbM/Guxo7x3pE2vtpr1ok6xRqM9OpBe+Jyoqyww==}
    engines: {node: '>=18'}

  y18n@5.0.8:
    resolution: {integrity: sha512-0pfFzegeDWJHJIAmTLRP2DwHjdF5s7jo9tuztdQxAhINCdvS+3nGINqPd00AphqJR/0LhANUS6/+7SCb98YOfA==}
    engines: {node: '>=10'}

  yargs-parser@22.0.0:
    resolution: {integrity: sha512-rwu/ClNdSMpkSrUb+d6BRsSkLUq1fmfsY6TOpYzTwvwkg1/NRG85KBy3kq++A8LKQwX6lsu+aWad+2khvuXrqw==}
    engines: {node: ^20.19.0 || ^22.12.0 || >=23}

  yargs@18.0.0:
    resolution: {integrity: sha512-4UEqdc2RYGHZc7Doyqkrqiln3p9X2DZVxaGbwhn2pi7MrRagKaOcIKe8L3OxYcbhXLgLFUS3zAYuQjKBQgmuNg==}
    engines: {node: ^20.19.0 || ^22.12.0 || >=23}

snapshots:

  '@babel/code-frame@7.29.7':
    dependencies:
      '@babel/helper-validator-identifier': 7.29.7
      js-tokens: 4.0.0
      picocolors: 1.1.1

  '@babel/helper-validator-identifier@7.29.7': {}

  '@commitlint/cli@21.2.1(@types/node@25.0.3)(conventional-commits-parser@7.1.0)(typescript@5.9.3)':
    dependencies:
      '@commitlint/config-conventional': 21.2.0
      '@commitlint/format': 21.2.0
      '@commitlint/lint': 21.2.0
      '@commitlint/load': 21.2.0(@types/node@25.0.3)(typescript@5.9.3)
      '@commitlint/read': 21.2.1(conventional-commits-parser@7.1.0)
      '@commitlint/types': 21.2.0
      tinyexec: 1.2.4
      yargs: 18.0.0
    transitivePeerDependencies:
      - '@types/node'
      - conventional-commits-filter
      - conventional-commits-parser
      - typescript

  '@commitlint/config-angular-type-enum@21.0.1': {}

  '@commitlint/config-angular@21.2.0':
    dependencies:
      '@commitlint/config-angular-type-enum': 21.0.1

  '@commitlint/config-conventional@21.2.0':
    dependencies:
      '@commitlint/types': 21.2.0
      conventional-changelog-conventionalcommits: 10.2.1

  '@commitlint/config-validator@21.2.0':
    dependencies:
      '@commitlint/types': 21.2.0
      ajv: 8.20.0

  '@commitlint/ensure@21.2.0':
    dependencies:
      '@commitlint/types': 21.2.0
      es-toolkit: 1.49.0

  '@commitlint/execute-rule@21.0.1': {}

  '@commitlint/format@21.2.0':
    dependencies:
      '@commitlint/types': 21.2.0
      picocolors: 1.1.1

  '@commitlint/is-ignored@21.2.0':
    dependencies:
      '@commitlint/types': 21.2.0
      semver: 7.8.5

  '@commitlint/lint@21.2.0':
    dependencies:
      '@commitlint/is-ignored': 21.2.0
      '@commitlint/parse': 21.2.0
      '@commitlint/rules': 21.2.0
      '@commitlint/types': 21.2.0

  '@commitlint/load@21.2.0(@types/node@25.0.3)(typescript@5.9.3)':
    dependencies:
      '@commitlint/config-validator': 21.2.0
      '@commitlint/execute-rule': 21.0.1
      '@commitlint/resolve-extends': 21.2.0
      '@commitlint/types': 21.2.0
      cosmiconfig: 9.0.2(typescript@5.9.3)
      cosmiconfig-typescript-loader: 6.3.0(@types/node@25.0.3)(cosmiconfig@9.0.2(typescript@5.9.3))(typescript@5.9.3)
      es-toolkit: 1.49.0
      is-plain-obj: 4.1.0
      picocolors: 1.1.1
    transitivePeerDependencies:
      - '@types/node'
      - typescript

  '@commitlint/message@21.2.0': {}

  '@commitlint/parse@21.2.0':
    dependencies:
      '@commitlint/types': 21.2.0
      conventional-changelog-angular: 9.2.1
      conventional-commits-parser: 7.1.0

  '@commitlint/read@21.2.1(conventional-commits-parser@7.1.0)':
    dependencies:
      '@commitlint/top-level': 21.2.0
      '@commitlint/types': 21.2.0
      '@conventional-changelog/git-client': 3.1.0(conventional-commits-parser@7.1.0)
      tinyexec: 1.2.4
    transitivePeerDependencies:
      - conventional-commits-filter
      - conventional-commits-parser

  '@commitlint/resolve-extends@21.2.0':
    dependencies:
      '@commitlint/config-validator': 21.2.0
      '@commitlint/types': 21.2.0
      es-toolkit: 1.49.0
      global-directory: 5.0.0
      resolve-from: 5.0.0

  '@commitlint/rules@21.2.0':
    dependencies:
      '@commitlint/ensure': 21.2.0
      '@commitlint/message': 21.2.0
      '@commitlint/to-lines': 21.0.1
      '@commitlint/types': 21.2.0

  '@commitlint/to-lines@21.0.1': {}

  '@commitlint/top-level@21.2.0':
    dependencies:
      escalade: 3.2.0

  '@commitlint/types@21.2.0':
    dependencies:
      conventional-commits-parser: 7.1.0
      picocolors: 1.1.1

  '@conventional-changelog/git-client@3.1.0(conventional-commits-parser@7.1.0)':
    dependencies:
      '@simple-libs/child-process-utils': 2.0.0
      '@simple-libs/stream-utils': 2.0.0
      semver: 7.8.5
    optionalDependencies:
      conventional-commits-parser: 7.1.0

  '@conventional-changelog/template@1.2.1': {}

  '@evilmartians/lefthook@2.1.9': {}

  '@oxfmt/binding-android-arm-eabi@0.58.0':
    optional: true

  '@oxfmt/binding-android-arm64@0.58.0':
    optional: true

  '@oxfmt/binding-darwin-arm64@0.58.0':
    optional: true

  '@oxfmt/binding-darwin-x64@0.58.0':
    optional: true

  '@oxfmt/binding-freebsd-x64@0.58.0':
    optional: true

  '@oxfmt/binding-linux-arm-gnueabihf@0.58.0':
    optional: true

  '@oxfmt/binding-linux-arm-musleabihf@0.58.0':
    optional: true

  '@oxfmt/binding-linux-arm64-gnu@0.58.0':
    optional: true

  '@oxfmt/binding-linux-arm64-musl@0.58.0':
    optional: true

  '@oxfmt/binding-linux-ppc64-gnu@0.58.0':
    optional: true

  '@oxfmt/binding-linux-riscv64-gnu@0.58.0':
    optional: true

  '@oxfmt/binding-linux-riscv64-musl@0.58.0':
    optional: true

  '@oxfmt/binding-linux-s390x-gnu@0.58.0':
    optional: true

  '@oxfmt/binding-linux-x64-gnu@0.58.0':
    optional: true

  '@oxfmt/binding-linux-x64-musl@0.58.0':
    optional: true

  '@oxfmt/binding-openharmony-arm64@0.58.0':
    optional: true

  '@oxfmt/binding-win32-arm64-msvc@0.58.0':
    optional: true

  '@oxfmt/binding-win32-ia32-msvc@0.58.0':
    optional: true

  '@oxfmt/binding-win32-x64-msvc@0.58.0':
    optional: true

  '@simple-libs/child-process-utils@2.0.0':
    dependencies:
      '@simple-libs/stream-utils': 2.0.0

  '@simple-libs/stream-utils@2.0.0': {}

  '@types/node@25.0.3':
    dependencies:
      undici-types: 7.16.0

  ajv@8.20.0:
    dependencies:
      fast-deep-equal: 3.1.3
      fast-uri: 3.1.3
      json-schema-traverse: 1.0.0
      require-from-string: 2.0.2

  ansi-regex@6.2.2: {}

  ansi-styles@6.2.3: {}

  argparse@2.0.1: {}

  argue-cli@3.1.0: {}

  callsites@3.1.0: {}

  cliui@9.0.1:
    dependencies:
      string-width: 7.2.0
      strip-ansi: 7.2.0
      wrap-ansi: 9.0.2

  conventional-changelog-angular@9.2.1:
    dependencies:
      '@conventional-changelog/template': 1.2.1

  conventional-changelog-conventionalcommits@10.2.1:
    dependencies:
      '@conventional-changelog/template': 1.2.1

  conventional-commits-parser@7.1.0:
    dependencies:
      '@simple-libs/stream-utils': 2.0.0
      argue-cli: 3.1.0

  cosmiconfig-typescript-loader@6.3.0(@types/node@25.0.3)(cosmiconfig@9.0.2(typescript@5.9.3))(typescript@5.9.3):
    dependencies:
      '@types/node': 25.0.3
      cosmiconfig: 9.0.2(typescript@5.9.3)
      jiti: 2.6.1
      typescript: 5.9.3

  cosmiconfig@9.0.2(typescript@5.9.3):
    dependencies:
      env-paths: 2.2.1
      import-fresh: 3.3.1
      js-yaml: 4.3.0
      parse-json: 5.2.0
    optionalDependencies:
      typescript: 5.9.3

  emoji-regex@10.6.0: {}

  env-paths@2.2.1: {}

  error-ex@1.3.4:
    dependencies:
      is-arrayish: 0.2.1

  es-toolkit@1.49.0: {}

  escalade@3.2.0: {}

  fast-deep-equal@3.1.3: {}

  fast-uri@3.1.3: {}

  get-caller-file@2.0.5: {}

  get-east-asian-width@1.6.0: {}

  global-directory@5.0.0:
    dependencies:
      ini: 6.0.0

  import-fresh@3.3.1:
    dependencies:
      parent-module: 1.0.1
      resolve-from: 4.0.0

  ini@6.0.0: {}

  is-arrayish@0.2.1: {}

  is-plain-obj@4.1.0: {}

  jiti@2.6.1: {}

  js-tokens@4.0.0: {}

  js-yaml@4.3.0:
    dependencies:
      argparse: 2.0.1

  json-parse-even-better-errors@2.3.1: {}

  json-schema-traverse@1.0.0: {}

  lines-and-columns@1.2.4: {}

  oxfmt@0.58.0:
    dependencies:
      tinypool: 2.1.0
    optionalDependencies:
      '@oxfmt/binding-android-arm-eabi': 0.58.0
      '@oxfmt/binding-android-arm64': 0.58.0
      '@oxfmt/binding-darwin-arm64': 0.58.0
      '@oxfmt/binding-darwin-x64': 0.58.0
      '@oxfmt/binding-freebsd-x64': 0.58.0
      '@oxfmt/binding-linux-arm-gnueabihf': 0.58.0
      '@oxfmt/binding-linux-arm-musleabihf': 0.58.0
      '@oxfmt/binding-linux-arm64-gnu': 0.58.0
      '@oxfmt/binding-linux-arm64-musl': 0.58.0
      '@oxfmt/binding-linux-ppc64-gnu': 0.58.0
      '@oxfmt/binding-linux-riscv64-gnu': 0.58.0
      '@oxfmt/binding-linux-riscv64-musl': 0.58.0
      '@oxfmt/binding-linux-s390x-gnu': 0.58.0
      '@oxfmt/binding-linux-x64-gnu': 0.58.0
      '@oxfmt/binding-linux-x64-musl': 0.58.0
      '@oxfmt/binding-openharmony-arm64': 0.58.0
      '@oxfmt/binding-win32-arm64-msvc': 0.58.0
      '@oxfmt/binding-win32-ia32-msvc': 0.58.0
      '@oxfmt/binding-win32-x64-msvc': 0.58.0

  parent-module@1.0.1:
    dependencies:
      callsites: 3.1.0

  parse-json@5.2.0:
    dependencies:
      '@babel/code-frame': 7.29.7
      error-ex: 1.3.4
      json-parse-even-better-errors: 2.3.1
      lines-and-columns: 1.2.4

  picocolors@1.1.1: {}

  require-from-string@2.0.2: {}

  resolve-from@4.0.0: {}

  resolve-from@5.0.0: {}

  semver@7.8.5: {}

  string-width@7.2.0:
    dependencies:
      emoji-regex: 10.6.0
      get-east-asian-width: 1.6.0
      strip-ansi: 7.2.0

  strip-ansi@7.2.0:
    dependencies:
      ansi-regex: 6.2.2

  tinyexec@1.2.4: {}

  tinypool@2.1.0: {}

  typescript@5.9.3: {}

  undici-types@7.16.0: {}

  wrap-ansi@9.0.2:
    dependencies:
      ansi-styles: 6.2.3
      string-width: 7.2.0
      strip-ansi: 7.2.0

  y18n@5.0.8: {}

  yargs-parser@22.0.0: {}

  yargs@18.0.0:
    dependencies:
      cliui: 9.0.1
      escalade: 3.2.0
      get-caller-file: 2.0.5
      string-width: 7.2.0
      y18n: 5.0.8
      yargs-parser: 22.0.0
