{
	"name": "babel-plugin-react-intl",
	"version": "5.1.4",
	"lockfileVersion": 1,
	"requires": true,
	"dependencies": {
		"@types/babel__core": {
			"version": "7.1.3",
			"resolved": "https://registry.npmjs.org/@types/babel__core/-/babel__core-7.1.3.tgz",
			"integrity": "sha512-8fBo0UR2CcwWxeX7WIIgJ7lXjasFxoYgRnFHUj+hRvKkpiBJbxhdAPTCY6/ZKM0uxANFVzt4yObSLuTiTnazDA==",
			"requires": {
				"@babel/parser": "^7.1.0",
				"@babel/types": "^7.0.0",
				"@types/babel__generator": "*",
				"@types/babel__template": "*",
				"@types/babel__traverse": "*"
			},
			"dependencies": {
				"@babel/parser": {
					"version": "7.7.4",
					"resolved": "https://registry.npmjs.org/@babel/parser/-/parser-7.7.4.tgz",
					"integrity": "sha512-jIwvLO0zCL+O/LmEJQjWA75MQTWwx3c3u2JOTDK5D3/9egrWRRA0/0hk9XXywYnXZVVpzrBYeIQTmhwUaePI9g=="
				},
				"@babel/types": {
					"version": "7.7.4",
					"resolved": "https://registry.npmjs.org/@babel/types/-/types-7.7.4.tgz",
					"integrity": "sha512-cz5Ji23KCi4T+YIE/BolWosrJuSmoZeN1EFnRtBwF+KKLi8GG/Z2c2hOJJeCXPk4mwk4QFvTmwIodJowXgttRA==",
					"requires": {
						"esutils": "^2.0.2",
						"lodash": "^4.17.13",
						"to-fast-properties": "^2.0.0"
					}
				},
				"@types/babel__generator": {
					"version": "7.6.0",
					"resolved": "https://registry.npmjs.org/@types/babel__generator/-/babel__generator-7.6.0.tgz",
					"integrity": "sha512-c1mZUu4up5cp9KROs/QAw0gTeHrw/x7m52LcnvMxxOZ03DmLwPV0MlGmlgzV3cnSdjhJOZsj7E7FHeioai+egw==",
					"requires": {
						"@babel/types": "^7.0.0"
					}
				},
				"@types/babel__template": {
					"version": "7.0.2",
					"resolved": "https://registry.npmjs.org/@types/babel__template/-/babel__template-7.0.2.tgz",
					"integrity": "sha512-/K6zCpeW7Imzgab2bLkLEbz0+1JlFSrUMdw7KoIIu+IUdu51GWaBZpd3y1VXGVXzynvGa4DaIaxNZHiON3GXUg==",
					"requires": {
						"@babel/parser": "^7.1.0",
						"@babel/types": "^7.0.0"
					}
				},
				"@types/babel__traverse": {
					"version": "7.0.8",
					"resolved": "https://registry.npmjs.org/@types/babel__traverse/-/babel__traverse-7.0.8.tgz",
					"integrity": "sha512-yGeB2dHEdvxjP0y4UbRtQaSkXJ9649fYCmIdRoul5kfAoGCwxuCbMhag0k3RPfnuh9kPGm8x89btcfDEXdVWGw==",
					"requires": {
						"@babel/types": "^7.3.0"
					}
				},
				"esutils": {
					"version": "2.0.3",
					"resolved": "https://registry.npmjs.org/esutils/-/esutils-2.0.3.tgz",
					"integrity": "sha512-kVscqXk4OCp68SZ0dkgEKVi6/8ij300KBWTJq32P/dYeWTSwK41WyTxalN1eRmA5Z9UU/LX9D7FWSmV9SAYx6g=="
				},
				"lodash": {
					"version": "4.17.15",
					"resolved": "https://registry.npmjs.org/lodash/-/lodash-4.17.15.tgz",
					"integrity": "sha512-8xOcRHvCjnocdS5cpwXQXVzmmh5e5+saE2QGoeQmbKmRS6J3VQppPOIt0MnmE+4xlZoumy0GPG0D0MVIQbNA1A=="
				},
				"to-fast-properties": {
					"version": "2.0.0",
					"resolved": "https://registry.npmjs.org/to-fast-properties/-/to-fast-properties-2.0.0.tgz",
					"integrity": "sha1-3F5pjL0HkmW8c+A3doGk5Og/YW4="
				}
			}
		},
		"fs-extra": {
			"version": "8.1.0",
			"resolved": "https://registry.npmjs.org/fs-extra/-/fs-extra-8.1.0.tgz",
			"integrity": "sha512-yhlQgA6mnOJUKOsRUFsgJdQCvkKhcz8tlZG5HBQfReYZy46OwLcY+Zia0mtdHsOo9y/hP+CxMN0TU9QxoOtG4g==",
			"requires": {
				"graceful-fs": "^4.2.0",
				"jsonfile": "^4.0.0",
				"universalify": "^0.1.0"
			},
			"dependencies": {
				"graceful-fs": {
					"version": "4.2.3",
					"resolved": "https://registry.npmjs.org/graceful-fs/-/graceful-fs-4.2.3.tgz",
					"integrity": "sha512-a30VEBm4PEdx1dRB7MFK7BejejvCvBronbLjht+sHuGYj8PHs7M/5Z+rt5lw551vZ7yfTCj4Vuyy3mSJytDWRQ=="
				},
				"jsonfile": {
					"version": "4.0.0",
					"resolved": "https://registry.npmjs.org/jsonfile/-/jsonfile-4.0.0.tgz",
					"integrity": "sha1-h3Gq4HmbZAdrdmQPygWPnBDjPss=",
					"requires": {
						"graceful-fs": "^4.1.6"
					}
				},
				"universalify": {
					"version": "0.1.2",
					"resolved": "https://registry.npmjs.org/universalify/-/universalify-0.1.2.tgz",
					"integrity": "sha512-rBJeI5CXAlmy1pV+617WB9J63U6XcazHHF2f2dbJix4XzpUF0RS3Zbj0FGIOCAva5P/d/GBOYaACQ1w+0azUkg=="
				}
			}
		}
	}
}
