lockfileVersion: '9.0'

settings:
  autoInstallPeers: true
  excludeLinksFromLockfile: false

importers:

  .:
    dependencies:
      '@formatjs/cli':
        specifier: ^6.8.8
        version: 6.8.8

packages:

  '@formatjs/cli@6.8.8':
    resolution: {integrity: sha512-YTN8BO0z8dZAMJyXxjpYRxAKuxbfVH0oBKger593/8Ql6+q691YI23yt8DP0L+6b9JzlYOoIa1ghTzd8vaukPw==}
    engines: {node: '>= 16'}
    hasBin: true
    peerDependencies:
      '@glimmer/env': '*'
      '@glimmer/reference': '*'
      '@glimmer/syntax': ^0.95.0
      '@glimmer/validator': '*'
      '@vue/compiler-core': ^3.5.12
      content-tag: '4'
      ember-template-recast: ^6.1.5
      vue: ^3.5.12
    peerDependenciesMeta:
      '@glimmer/env':
        optional: true
      '@glimmer/reference':
        optional: true
      '@glimmer/syntax':
        optional: true
      '@glimmer/validator':
        optional: true
      '@vue/compiler-core':
        optional: true
      content-tag:
        optional: true
      ember-template-recast:
        optional: true
      vue:
        optional: true

snapshots:

  '@formatjs/cli@6.8.8': {}
