lockfileVersion: '9.0'

settings:
  autoInstallPeers: true
  excludeLinksFromLockfile: false

importers:

  .:
    dependencies:
      '@formatjs/icu-messageformat-parser':
        specifier: 3.5.12
        version: 3.5.12
      '@formatjs/intl':
        specifier: 4.1.14
        version: 4.1.14
      intl-messageformat:
        specifier: 11.2.9
        version: 11.2.9
      react:
        specifier: 18.3.1
        version: 18.3.1
      react-dom:
        specifier: 18.3.1
        version: 18.3.1(react@18.3.1)
    devDependencies:
      '@types/react':
        specifier: 18.3.31
        version: 18.3.31
      '@types/react-dom':
        specifier: 18.3.7
        version: 18.3.7(@types/react@18.3.31)
      typescript:
        specifier: 6.0.3
        version: 6.0.3

packages:

  '@formatjs/fast-memoize@3.1.6':
    resolution: {integrity: sha512-H5aexk1Le7T9TPmscacZ+1pR6CTa2n1wq+HDVGXhH8TzUlQQpeXzZs91dRtmFHrbeNbjPFPfQujUqm7MHgVoXQ==}

  '@formatjs/icu-messageformat-parser@3.5.12':
    resolution: {integrity: sha512-YyzzxVgYJ8DELmmkhn0Yr0rUj0dTJFf9Jp628K3S0ysInBWxLVDOS8i3RP91cCp4DMK4WYb4cVMhWA9i4knSJg==}

  '@formatjs/icu-skeleton-parser@2.1.10':
    resolution: {integrity: sha512-XuSva+8ZGawk8VnD5VD6UeH8KarQ/Z022zgjHDoHmlNiAewstXuuzXc0Hk5pGFSdG+nNw5bfJKXqj1ZXHn9yUA==}

  '@formatjs/intl@4.1.14':
    resolution: {integrity: sha512-hl8dgvbV2Te/KPnCud+nuBc+z8qW8fGreiun7ul5LopIHkbP0izylvnhIFDL2dQMeMPdrKCAXhJkYDeoxVuDRw==}

  '@types/prop-types@15.7.15':
    resolution: {integrity: sha512-F6bEyamV9jKGAFBEmlQnesRPGOQqS2+Uwi0Em15xenOxHaf2hv6L8YCVn3rPdPJOiJfPiCnLIRyvwVaqMY3MIw==}

  '@types/react-dom@18.3.7':
    resolution: {integrity: sha512-MEe3UeoENYVFXzoXEWsvcpg6ZvlrFNlOQ7EOsvhI3CfAXwzPfO8Qwuxd40nepsYKqyyVQnTdEfv68q91yLcKrQ==}
    peerDependencies:
      '@types/react': ^18.0.0

  '@types/react@18.3.31':
    resolution: {integrity: sha512-vfEqpXTvwT91yhmwdfouStN2hSKwTvyRs8qpLfADyrq/kxDw0hZM7Wk9Ug1FELj8hIby+S/+kQCSRFF32nv2Qw==}

  csstype@3.2.3:
    resolution: {integrity: sha512-z1HGKcYy2xA8AGQfwrn0PAy+PB7X/GSj3UVJW9qKyn43xWa+gl5nXmU4qqLMRzWVLFC8KusUX8T/0kCiOYpAIQ==}

  intl-messageformat@11.2.9:
    resolution: {integrity: sha512-cGzymZerpDhVXRKjKLgXKda9gI29TU2o88L7gwNMHp3WZVxA/0c5tX52udXbW9JklDApolvMXZG6Dhhdz5eirA==}

  js-tokens@4.0.0:
    resolution: {integrity: sha512-RdJUflcE3cUzKiMqQgsCu06FPu9UdIJO0beYbPhHN4k6apgJtifcoCtT9bcxOpYBtpD2kCM6Sbzg4CausW/PKQ==}

  loose-envify@1.4.0:
    resolution: {integrity: sha512-lyuxPGr/Wfhrlem2CL/UcnUc1zcqKAImBDzukY7Y5F/yQiNdko6+fRLevlw1HgMySw7f611UIY408EtxRSoK3Q==}
    hasBin: true

  react-dom@18.3.1:
    resolution: {integrity: sha512-5m4nQKp+rZRb09LNH59GM4BxTh9251/ylbKIbpe7TpGxfJ+9kv6BLkLBXIjjspbgbnIBNqlI23tRnTWT0snUIw==}
    peerDependencies:
      react: ^18.3.1

  react@18.3.1:
    resolution: {integrity: sha512-wS+hAgJShR0KhEvPJArfuPVN1+Hz1t0Y6n5jLrGQbkb4urgPE/0Rve+1kMB1v/oWgHgm4WIcV+i7F2pTVj+2iQ==}
    engines: {node: '>=0.10.0'}

  scheduler@0.23.2:
    resolution: {integrity: sha512-UOShsPwz7NrMUqhR6t0hWjFduvOzbtv7toDH1/hIrfRNIDBnnBWd0CwJTGvTpngVlmwGCdP9/Zl/tVrDqcuYzQ==}

  typescript@6.0.3:
    resolution: {integrity: sha512-y2TvuxSZPDyQakkFRPZHKFm+KKVqIisdg9/CZwm9ftvKXLP8NRWj38/ODjNbr43SsoXqNuAisEf1GdCxqWcdBw==}
    engines: {node: '>=14.17'}
    hasBin: true

snapshots:

  '@formatjs/fast-memoize@3.1.6': {}

  '@formatjs/icu-messageformat-parser@3.5.12':
    dependencies:
      '@formatjs/icu-skeleton-parser': 2.1.10

  '@formatjs/icu-skeleton-parser@2.1.10': {}

  '@formatjs/intl@4.1.14':
    dependencies:
      '@formatjs/fast-memoize': 3.1.6
      '@formatjs/icu-messageformat-parser': 3.5.12
      intl-messageformat: 11.2.9

  '@types/prop-types@15.7.15': {}

  '@types/react-dom@18.3.7(@types/react@18.3.31)':
    dependencies:
      '@types/react': 18.3.31

  '@types/react@18.3.31':
    dependencies:
      '@types/prop-types': 15.7.15
      csstype: 3.2.3

  csstype@3.2.3: {}

  intl-messageformat@11.2.9:
    dependencies:
      '@formatjs/fast-memoize': 3.1.6
      '@formatjs/icu-messageformat-parser': 3.5.12

  js-tokens@4.0.0: {}

  loose-envify@1.4.0:
    dependencies:
      js-tokens: 4.0.0

  react-dom@18.3.1(react@18.3.1):
    dependencies:
      loose-envify: 1.4.0
      react: 18.3.1
      scheduler: 0.23.2

  react@18.3.1:
    dependencies:
      loose-envify: 1.4.0

  scheduler@0.23.2:
    dependencies:
      loose-envify: 1.4.0

  typescript@6.0.3: {}
