lockfileVersion: '9.0'

settings:
  autoInstallPeers: true
  excludeLinksFromLockfile: false

importers:

  .:
    dependencies:
      '@formatjs/icu-messageformat-parser':
        specifier: 3.5.12
        version: 3.5.12
      '@formatjs/intl':
        specifier: 4.1.14
        version: 4.1.14
      intl-messageformat:
        specifier: 11.2.9
        version: 11.2.9
      react:
        specifier: 19.2.7
        version: 19.2.7
      react-dom:
        specifier: 19.2.7
        version: 19.2.7(react@19.2.7)
    devDependencies:
      '@types/react':
        specifier: 19.2.17
        version: 19.2.17
      '@types/react-dom':
        specifier: 19.2.3
        version: 19.2.3(@types/react@19.2.17)
      typescript:
        specifier: 6.0.3
        version: 6.0.3

packages:

  '@formatjs/fast-memoize@3.1.6':
    resolution: {integrity: sha512-H5aexk1Le7T9TPmscacZ+1pR6CTa2n1wq+HDVGXhH8TzUlQQpeXzZs91dRtmFHrbeNbjPFPfQujUqm7MHgVoXQ==}

  '@formatjs/icu-messageformat-parser@3.5.12':
    resolution: {integrity: sha512-YyzzxVgYJ8DELmmkhn0Yr0rUj0dTJFf9Jp628K3S0ysInBWxLVDOS8i3RP91cCp4DMK4WYb4cVMhWA9i4knSJg==}

  '@formatjs/icu-skeleton-parser@2.1.10':
    resolution: {integrity: sha512-XuSva+8ZGawk8VnD5VD6UeH8KarQ/Z022zgjHDoHmlNiAewstXuuzXc0Hk5pGFSdG+nNw5bfJKXqj1ZXHn9yUA==}

  '@formatjs/intl@4.1.14':
    resolution: {integrity: sha512-hl8dgvbV2Te/KPnCud+nuBc+z8qW8fGreiun7ul5LopIHkbP0izylvnhIFDL2dQMeMPdrKCAXhJkYDeoxVuDRw==}

  '@types/react-dom@19.2.3':
    resolution: {integrity: sha512-jp2L/eY6fn+KgVVQAOqYItbF0VY/YApe5Mz2F0aykSO8gx31bYCZyvSeYxCHKvzHG5eZjc+zyaS5BrBWya2+kQ==}
    peerDependencies:
      '@types/react': ^19.2.0

  '@types/react@19.2.17':
    resolution: {integrity: sha512-MXfmqaVPEVgkBT/aY0aGCkRWWtByiYQXo3xdQ8r5RzuFrPiRn8Gar2tQdXSUQ2GKV3bkXckek89V8wQBY2Q/Aw==}

  csstype@3.2.3:
    resolution: {integrity: sha512-z1HGKcYy2xA8AGQfwrn0PAy+PB7X/GSj3UVJW9qKyn43xWa+gl5nXmU4qqLMRzWVLFC8KusUX8T/0kCiOYpAIQ==}

  intl-messageformat@11.2.9:
    resolution: {integrity: sha512-cGzymZerpDhVXRKjKLgXKda9gI29TU2o88L7gwNMHp3WZVxA/0c5tX52udXbW9JklDApolvMXZG6Dhhdz5eirA==}

  react-dom@19.2.7:
    resolution: {integrity: sha512-t0BRVXvbiE/o20Hfw669rLbMCDWtYZLvmJigy2f0MxsXF+71pxhR3xOkspmsO8h3ZlNzyibAmtCa3l4lYKk6gQ==}
    peerDependencies:
      react: ^19.2.7

  react@19.2.7:
    resolution: {integrity: sha512-HNe9WslTbXmFK8o8cmwgAeJFSBvt1bPdHCVKtaaV+WlAN36mpT4hcRpwbf3fY56ar2oIXzsBpOAiIRHAdY0OlQ==}
    engines: {node: '>=0.10.0'}

  scheduler@0.27.0:
    resolution: {integrity: sha512-eNv+WrVbKu1f3vbYJT/xtiF5syA5HPIMtf9IgY/nKg0sWqzAUEvqY/xm7OcZc/qafLx/iO9FgOmeSAp4v5ti/Q==}

  typescript@6.0.3:
    resolution: {integrity: sha512-y2TvuxSZPDyQakkFRPZHKFm+KKVqIisdg9/CZwm9ftvKXLP8NRWj38/ODjNbr43SsoXqNuAisEf1GdCxqWcdBw==}
    engines: {node: '>=14.17'}
    hasBin: true

snapshots:

  '@formatjs/fast-memoize@3.1.6': {}

  '@formatjs/icu-messageformat-parser@3.5.12':
    dependencies:
      '@formatjs/icu-skeleton-parser': 2.1.10

  '@formatjs/icu-skeleton-parser@2.1.10': {}

  '@formatjs/intl@4.1.14':
    dependencies:
      '@formatjs/fast-memoize': 3.1.6
      '@formatjs/icu-messageformat-parser': 3.5.12
      intl-messageformat: 11.2.9

  '@types/react-dom@19.2.3(@types/react@19.2.17)':
    dependencies:
      '@types/react': 19.2.17

  '@types/react@19.2.17':
    dependencies:
      csstype: 3.2.3

  csstype@3.2.3: {}

  intl-messageformat@11.2.9:
    dependencies:
      '@formatjs/fast-memoize': 3.1.6
      '@formatjs/icu-messageformat-parser': 3.5.12

  react-dom@19.2.7(react@19.2.7):
    dependencies:
      react: 19.2.7
      scheduler: 0.27.0

  react@19.2.7: {}

  scheduler@0.27.0: {}

  typescript@6.0.3: {}
