{
  "name": "intl-messageformat-parser",
  "version": "3.6.4",
  "lockfileVersion": 1,
  "requires": true,
  "dependencies": {
    "@formatjs/intl-unified-numberformat": {
      "version": "2.2.0",
      "resolved": "https://registry.npmjs.org/@formatjs/intl-unified-numberformat/-/intl-unified-numberformat-2.2.0.tgz",
      "integrity": "sha512-A9ov4uO04pSHG5Iqcrc457hvsq3lz/oWQ3B0I03zbL1rnBC8ttrZEobw3X3k/tWYPXeNJbRtsSbXqzJo55NeBw==",
      "requires": {
        "@formatjs/intl-utils": "^1.6.0"
      }
    },
    "@formatjs/intl-utils": {
      "version": "1.6.0",
      "resolved": "https://registry.npmjs.org/@formatjs/intl-utils/-/intl-utils-1.6.0.tgz",
      "integrity": "sha512-5D0C4tQgNFJNaJ17BYum0GfAcKNK3oa1VWzgkv/AN7i52fg4r69ZLcpEGpf6tZiX9Qld8CDwTQOeFt6fuOqgVw=="
    }
  }
}
